// !$*UTF8*$!
{
	archiveVersion = 1;
	classes = {
	};
	objectVersion = 46;
	objects = {

/* Begin PBXBuildFile section */
		E4E4274115677C8A00C598B3 /* Cocoa.framework in Frameworks */ = {isa = PBXBuildFile; fileRef = E4E4274015677C8A00C598B3 /* Cocoa.framework */; };
		E4E4274B15677C8A00C598B3 /* InfoPlist.strings in Resources */ = {isa = PBXBuildFile; fileRef = E4E4274915677C8A00C598B3 /* InfoPlist.strings */; };
		E4E4274D15677C8A00C598B3 /* main.m in Sources */ = {isa = PBXBuildFile; fileRef = E4E4274C15677C8A00C598B3 /* main.m */; };
		E4E4275115677C8A00C598B3 /* Credits.rtf in Resources */ = {isa = PBXBuildFile; fileRef = E4E4274F15677C8A00C598B3 /* Credits.rtf */; };
		E4E4275415677C8A00C598B3 /* AppDelegate.m in Sources */ = {isa = PBXBuildFile; fileRef = E4E4275315677C8A00C598B3 /* AppDelegate.m */; };
		E4E4275715677C8A00C598B3 /* MainMenu.xib in Resources */ = {isa = PBXBuildFile; fileRef = E4E4275515677C8A00C598B3 /* MainMenu.xib */; };
/* End PBXBuildFile section */

/* Begin PBXFileReference section */
		E4E4273C15677C8A00C598B3 /* DragDropPaste.app */ = {isa = PBXFileReference; explicitFileType = wrapper.application; includeInIndex = 0; path = DragDropPaste.app; sourceTree = BUILT_PRODUCTS_DIR; };
		E4E4274015677C8A00C598B3 /* Cocoa.framework */ = {isa = PBXFileReference; lastKnownFileType = wrapper.framework; name = Cocoa.framework; path = System/Library/Frameworks/Cocoa.framework; sourceTree = SDKROOT; };
		E4E4274315677C8A00C598B3 /* AppKit.framework */ = {isa = PBXFileReference; lastKnownFileType = wrapper.framework; name = AppKit.framework; path = System/Library/Frameworks/AppKit.framework; sourceTree = SDKROOT; };
		E4E4274415677C8A00C598B3 /* CoreData.framework */ = {isa = PBXFileReference; lastKnownFileType = wrapper.framework; name = CoreData.framework; path = System/Library/Frameworks/CoreData.framework; sourceTree = SDKROOT; };
		E4E4274515677C8A00C598B3 /* Foundation.framework */ = {isa = PBXFileReference; lastKnownFileType = wrapper.framework; name = Foundation.framework; path = System/Library/Frameworks/Foundation.framework; sourceTree = SDKROOT; };
		E4E4274815677C8A00C598B3 /* DragDropPaste-Info.plist */ = {isa = PBXFileReference; path = "DragDropPaste-Info.plist"; sourceTree = "<group>"; };
		E4E4274A15677C8A00C598B3 /* en */ = {isa = PBXFileReference; lastKnownFileType = text.plist.strings; name = en; path = en.lproj/InfoPlist.strings; sourceTree = "<group>"; };
		E4E4274C15677C8A00C598B3 /* main.m */ = {isa = PBXFileReference; lastKnownFileType = sourcecode.c.objc; path = main.m; sourceTree = "<group>"; };
		E4E4274E15677C8A00C598B3 /* DragDropPaste-Prefix.pch */ = {isa = PBXFileReference; path = "DragDropPaste-Prefix.pch"; sourceTree = "<group>"; };
		E4E4275015677C8A00C598B3 /* en */ = {isa = PBXFileReference; lastKnownFileType = text.rtf; name = en; path = en.lproj/Credits.rtf; sourceTree = "<group>"; };
		E4E4275215677C8A00C598B3 /* AppDelegate.h */ = {isa = PBXFileReference; path = AppDelegate.h; sourceTree = "<group>"; };
		E4E4275315677C8A00C598B3 /* AppDelegate.m */ = {isa = PBXFileReference; lastKnownFileType = sourcecode.c.objc; path = AppDelegate.m; sourceTree = "<group>"; };
		E4E4275615677C8A00C598B3 /* en */ = {isa = PBXFileReference; lastKnownFileType = file.xib; name = en; path = en.lproj/MainMenu.xib; sourceTree = "<group>"; };
/* End PBXFileReference section */

/* Begin PBXFrameworksBuildPhase section */
		E4E4273915677C8A00C598B3 /* Frameworks */ = {
			isa = PBXFrameworksBuildPhase;
			buildActionMask = 2147483647;
			files = (
				E4E4274115677C8A00C598B3 /* Cocoa.framework in Frameworks */,
			);
			runOnlyForDeploymentPostprocessing = 0;
		};
/* End PBXFrameworksBuildPhase section */

/* Begin PBXGroup section */
		E4E4273115677C8A00C598B3 = {
			isa = PBXGroup;
			children = (
				E4E4274615677C8A00C598B3 /* DragDropPaste */,
				E4E4273F15677C8A00C598B3 /* Frameworks */,
				E4E4273D15677C8A00C598B3 /* Products */,
			);
			sourceTree = "<group>";
		};
		E4E4273D15677C8A00C598B3 /* Products */ = {
			isa = PBXGroup;
			children = (
				E4E4273C15677C8A00C598B3 /* DragDropPaste.app */,
			);
			name = Products;
			sourceTree = "<group>";
		};
		E4E4273F15677C8A00C598B3 /* Frameworks */ = {
			isa = PBXGroup;
			children = (
				E4E4274015677C8A00C598B3 /* Cocoa.framework */,
				E4E4274215677C8A00C598B3 /* Other Frameworks */,
			);
			name = Frameworks;
			sourceTree = "<group>";
		};
		E4E4274215677C8A00C598B3 /* Other Frameworks */ = {
			isa = PBXGroup;
			children = (
				E4E4274315677C8A00C598B3 /* AppKit.framework */,
				E4E4274415677C8A00C598B3 /* CoreData.framework */,
				E4E4274515677C8A00C598B3 /* Foundation.framework */,
			);
			name = "Other Frameworks";
			sourceTree = "<group>";
		};
		E4E4274615677C8A00C598B3 /* DragDropPaste */ = {
			isa = PBXGroup;
			children = (
				E4E4275215677C8A00C598B3 /* AppDelegate.h */,
				E4E4275315677C8A00C598B3 /* AppDelegate.m */,
				E4E4275515677C8A00C598B3 /* MainMenu.xib */,
				E4E4274715677C8A00C598B3 /* Supporting Files */,
			);
			path = DragDropPaste;
			sourceTree = "<group>";
		};
		E4E4274715677C8A00C598B3 /* Supporting Files */ = {
			isa = PBXGroup;
			children = (
				E4E4274815677C8A00C598B3 /* DragDropPaste-Info.plist */,
				E4E4274915677C8A00C598B3 /* InfoPlist.strings */,
				E4E4274C15677C8A00C598B3 /* main.m */,
				E4E4274E15677C8A00C598B3 /* DragDropPaste-Prefix.pch */,
				E4E4274F15677C8A00C598B3 /* Credits.rtf */,
			);
			name = "Supporting Files";
			sourceTree = "<group>";
		};
/* End PBXGroup section */

/* Begin PBXNativeTarget section */
		E4E4273B15677C8A00C598B3 /* DragDropPaste */ = {
			isa = PBXNativeTarget;
			buildConfigurationList = E4E4275A15677C8A00C598B3 /* Build configuration list for PBXNativeTarget "DragDropPaste" */;
			buildPhases = (
				E4E4273815677C8A00C598B3 /* Sources */,
				E4E4273915677C8A00C598B3 /* Frameworks */,
				E4E4273A15677C8A00C598B3 /* Resources */,
			);
			buildRules = (
			);
			dependencies = (
			);
			name = DragDropPaste;
			productName = DragDropPaste;
			productReference = E4E4273C15677C8A00C598B3 /* DragDropPaste.app */;
			productType = "com.apple.product-type.application";
		};
/* End PBXNativeTarget section */

/* Begin PBXProject section */
		E4E4273315677C8A00C598B3 /* Project object */ = {
			isa = PBXProject;
			attributes = {
				LastUpgradeCheck = 0420;
			};
			buildConfigurationList = E4E4273615677C8A00C598B3 /* Build configuration list for PBXProject "DragDropPaste" */;
			compatibilityVersion = "Xcode 3.2";
			developmentRegion = English;
			hasScannedForEncodings = 0;
			knownRegions = (
				en,
			);
			mainGroup = E4E4273115677C8A00C598B3;
			productRefGroup = E4E4273D15677C8A00C598B3 /* Products */;
			projectDirPath = "";
			projectRoot = "";
			targets = (
				E4E4273B15677C8A00C598B3 /* DragDropPaste */,
			);
		};
/* End PBXProject section */

/* Begin PBXResourcesBuildPhase section */
		E4E4273A15677C8A00C598B3 /* Resources */ = {
			isa = PBXResourcesBuildPhase;
			buildActionMask = 2147483647;
			files = (
				E4E4274B15677C8A00C598B3 /* InfoPlist.strings in Resources */,
				E4E4275115677C8A00C598B3 /* Credits.rtf in Resources */,
				E4E4275715677C8A00C598B3 /* MainMenu.xib in Resources */,
			);
			runOnlyForDeploymentPostprocessing = 0;
		};
/* End PBXResourcesBuildPhase section */

/* Begin PBXSourcesBuildPhase section */
		E4E4273815677C8A00C598B3 /* Sources */ = {
			isa = PBXSourcesBuildPhase;
			buildActionMask = 2147483647;
			files = (
				E4E4274D15677C8A00C598B3 /* main.m in Sources */,
				E4E4275415677C8A00C598B3 /* AppDelegate.m in Sources */,
			);
			runOnlyForDeploymentPostprocessing = 0;
		};
/* End PBXSourcesBuildPhase section */

/* Begin PBXVariantGroup section */
		E4E4274915677C8A00C598B3 /* InfoPlist.strings */ = {
			isa = PBXVariantGroup;
			children = (
				E4E4274A15677C8A00C598B3 /* en */,
			);
			name = InfoPlist.strings;
			sourceTree = "<group>";
		};
		E4E4274F15677C8A00C598B3 /* Credits.rtf */ = {
			isa = PBXVariantGroup;
			children = (
				E4E4275015677C8A00C598B3 /* en */,
			);
			name = Credits.rtf;
			sourceTree = "<group>";
		};
		E4E4275515677C8A00C598B3 /* MainMenu.xib */ = {
			isa = PBXVariantGroup;
			children = (
				E4E4275615677C8A00C598B3 /* en */,
			);
			name = MainMenu.xib;
			sourceTree = "<group>";
		};
/* End PBXVariantGroup section */

/* Begin XCBuildConfiguration section */
		E4E4275815677C8A00C598B3 /* Debug */ = {
			isa = XCBuildConfiguration;
			buildSettings = {
				ALWAYS_SEARCH_USER_PATHS = NO;
				ARCHS = "$(ARCHS_STANDARD_64_BIT)";
				CLANG_ENABLE_OBJC_ARC = YES;
				COPY_PHASE_STRIP = NO;
				GCC_C_LANGUAGE_STANDARD = gnu99;
				GCC_DYNAMIC_NO_PIC = NO;
				GCC_ENABLE_OBJC_EXCEPTIONS = YES;
				GCC_OPTIMIZATION_LEVEL = 0;
				GCC_PREPROCESSOR_DEFINITIONS = (
					"DEBUG=1",
					"$(inherited)",
				);
				GCC_SYMBOLS_PRIVATE_EXTERN = NO;
				GCC_VERSION = com.apple.compilers.llvm.clang.1_0;
				GCC_WARN_64_TO_32_BIT_CONVERSION = YES;
				GCC_WARN_ABOUT_MISSING_PROTOTYPES = YES;
				GCC_WARN_ABOUT_RETURN_TYPE = YES;
				GCC_WARN_UNUSED_VARIABLE = YES;
				MACOSX_DEPLOYMENT_TARGET = 10.7;
				ONLY_ACTIVE_ARCH = YES;
				SDKROOT = macosx;
			};
			name = Debug;
		};
		E4E4275915677C8A00C598B3 /* Release */ = {
			isa = XCBuildConfiguration;
			buildSettings = {
				ALWAYS_SEARCH_USER_PATHS = NO;
				ARCHS = "$(ARCHS_STANDARD_64_BIT)";
				CLANG_ENABLE_OBJC_ARC = YES;
				COPY_PHASE_STRIP = YES;
				DEBUG_INFORMATION_FORMAT = "dwarf-with-dsym";
				GCC_C_LANGUAGE_STANDARD = gnu99;
				GCC_ENABLE_OBJC_EXCEPTIONS = YES;
				GCC_VERSION = com.apple.compilers.llvm.clang.1_0;
				GCC_WARN_64_TO_32_BIT_CONVERSION = YES;
				GCC_WARN_ABOUT_MISSING_PROTOTYPES = YES;
				GCC_WARN_ABOUT_RETURN_TYPE = YES;
				GCC_WARN_UNUSED_VARIABLE = YES;
				MACOSX_DEPLOYMENT_TARGET = 10.7;
				SDKROOT = macosx;
			};
			name = Release;
		};
		E4E4275B15677C8A00C598B3 /* Debug */ = {
			isa = XCBuildConfiguration;
			buildSettings = {
				GCC_PRECOMPILE_PREFIX_HEADER = YES;
				GCC_PREFIX_HEADER = "DragDropPaste/DragDropPaste-Prefix.pch";
				INFOPLIST_FILE = "DragDropPaste/DragDropPaste-Info.plist";
				PRODUCT_NAME = "$(TARGET_NAME)";
				WRAPPER_EXTENSION = app;
			};
			name = Debug;
		};
		E4E4275C15677C8A00C598B3 /* Release */ = {
			isa = XCBuildConfiguration;
			buildSettings = {
				GCC_PRECOMPILE_PREFIX_HEADER = YES;
				GCC_PREFIX_HEADER = "DragDropPaste/DragDropPaste-Prefix.pch";
				INFOPLIST_FILE = "DragDropPaste/DragDropPaste-Info.plist";
				PRODUCT_NAME = "$(TARGET_NAME)";
				WRAPPER_EXTENSION = app;
			};
			name = Release;
		};
/* End XCBuildConfiguration section */

/* Begin XCConfigurationList section */
		E4E4273615677C8A00C598B3 /* Build configuration list for PBXProject "DragDropPaste" */ = {
			isa = XCConfigurationList;
			buildConfigurations = (
				E4E4275815677C8A00C598B3 /* Debug */,
				E4E4275915677C8A00C598B3 /* Release */,
			);
			defaultConfigurationIsVisible = 0;
			defaultConfigurationName = Release;
		};
		E4E4275A15677C8A00C598B3 /* Build configuration list for PBXNativeTarget "DragDropPaste" */ = {
			isa = XCConfigurationList;
			buildConfigurations = (
				E4E4275B15677C8A00C598B3 /* Debug */,
				E4E4275C15677C8A00C598B3 /* Release */,
			);
			defaultConfigurationIsVisible = 0;
		};
/* End XCConfigurationList section */
	};
	rootObject = E4E4273315677C8A00C598B3 /* Project object */;
}
