// !$*UTF8*$!
{
	archiveVersion = 1;
	classes = {
	};
	objectVersion = 46;
	objects = {

/* Begin PBXBuildFile section */
		E404551B157208210000DA91 /* URLShortener.m in Sources */ = {isa = PBXBuildFile; fileRef = E404551A157208210000DA91 /* URLShortener.m */; };
		E404552515735B130000DA91 /* step-2.png in Resources */ = {isa = PBXBuildFile; fileRef = E404551D15735B130000DA91 /* step-2.png */; };
		E404552615735B130000DA91 /* step-3.png in Resources */ = {isa = PBXBuildFile; fileRef = E404551E15735B130000DA91 /* step-3.png */; };
		E404552715735B130000DA91 /* step-4.png in Resources */ = {isa = PBXBuildFile; fileRef = E404551F15735B130000DA91 /* step-4.png */; };
		E404552815735B130000DA91 /* step-5.png in Resources */ = {isa = PBXBuildFile; fileRef = E404552015735B130000DA91 /* step-5.png */; };
		E404552915735B130000DA91 /* step-6.png in Resources */ = {isa = PBXBuildFile; fileRef = E404552115735B130000DA91 /* step-6.png */; };
		E404552A15735B130000DA91 /* step-7.png in Resources */ = {isa = PBXBuildFile; fileRef = E404552215735B130000DA91 /* step-7.png */; };
		E404552B15735B130000DA91 /* step-0.png in Resources */ = {isa = PBXBuildFile; fileRef = E404552315735B130000DA91 /* step-0.png */; };
		E404552C15735B130000DA91 /* step-1.png in Resources */ = {isa = PBXBuildFile; fileRef = E404552415735B130000DA91 /* step-1.png */; };
		E404552E1573658E0000DA91 /* StatusBarIconUpload.png in Resources */ = {isa = PBXBuildFile; fileRef = E404552D1573658E0000DA91 /* StatusBarIconUpload.png */; };
		E40BE2BF1568D288002BC439 /* StatusItemView.m in Sources */ = {isa = PBXBuildFile; fileRef = E40BE2BE1568D288002BC439 /* StatusItemView.m */; };
		E40ED464156B75E600D6F6D8 /* StatusBarIcon.png in Resources */ = {isa = PBXBuildFile; fileRef = E40ED462156B75E600D6F6D8 /* StatusBarIcon.png */; };
		E40ED465156B75E600D6F6D8 /* StatusBarIconInvert.png in Resources */ = {isa = PBXBuildFile; fileRef = E40ED463156B75E600D6F6D8 /* StatusBarIconInvert.png */; };
		E4A5AB7215681C7D0026B025 /* WebKit.framework in Frameworks */ = {isa = PBXBuildFile; fileRef = E4A5AB7115681C7D0026B025 /* WebKit.framework */; };
		E4A5AB78156826820026B025 /* DropboxOSX.framework in Frameworks */ = {isa = PBXBuildFile; fileRef = E4A5AB77156826820026B025 /* DropboxOSX.framework */; };
		E4A5AB7A156826BB0026B025 /* Security.framework in Frameworks */ = {isa = PBXBuildFile; fileRef = E4A5AB79156826BB0026B025 /* Security.framework */; };
		E4A5AB7C156827850026B025 /* DropboxOSX.framework in CopyFiles */ = {isa = PBXBuildFile; fileRef = E4A5AB7B156827850026B025 /* DropboxOSX.framework */; };
		E4C0A2B6156F35E000351C53 /* AboutController.m in Sources */ = {isa = PBXBuildFile; fileRef = E4C0A2B5156F35E000351C53 /* AboutController.m */; };
		E4C0A2B9156F37E500351C53 /* About.xib in Resources */ = {isa = PBXBuildFile; fileRef = E4C0A2B8156F37E500351C53 /* About.xib */; };
		E4E4274115677C8A00C598B3 /* Cocoa.framework in Frameworks */ = {isa = PBXBuildFile; fileRef = E4E4274015677C8A00C598B3 /* Cocoa.framework */; };
		E4E4274B15677C8A00C598B3 /* InfoPlist.strings in Resources */ = {isa = PBXBuildFile; fileRef = E4E4274915677C8A00C598B3 /* InfoPlist.strings */; };
		E4E4274D15677C8A00C598B3 /* main.m in Sources */ = {isa = PBXBuildFile; fileRef = E4E4274C15677C8A00C598B3 /* main.m */; };
		E4E4275115677C8A00C598B3 /* Credits.rtf in Resources */ = {isa = PBXBuildFile; fileRef = E4E4274F15677C8A00C598B3 /* Credits.rtf */; };
		E4E4275415677C8A00C598B3 /* AppDelegate.m in Sources */ = {isa = PBXBuildFile; fileRef = E4E4275315677C8A00C598B3 /* AppDelegate.m */; };
		E4E4275715677C8A00C598B3 /* MainMenu.xib in Resources */ = {isa = PBXBuildFile; fileRef = E4E4275515677C8A00C598B3 /* MainMenu.xib */; };
		E4E4276215679D4C00C598B3 /* drupal-logo.png in Resources */ = {isa = PBXBuildFile; fileRef = E4E4276115679D4C00C598B3 /* drupal-logo.png */; };
/* End PBXBuildFile section */

/* Begin PBXCopyFilesBuildPhase section */
		E4A5AB73156824790026B025 /* CopyFiles */ = {
			isa = PBXCopyFilesBuildPhase;
			buildActionMask = 2147483647;
			dstPath = "";
			dstSubfolderSpec = 10;
			files = (
				E4A5AB7C156827850026B025 /* DropboxOSX.framework in CopyFiles */,
			);
			runOnlyForDeploymentPostprocessing = 0;
		};
/* End PBXCopyFilesBuildPhase section */

/* Begin PBXFileReference section */
		E4045519157208210000DA91 /* URLShortener.h */ = {isa = PBXFileReference; fileEncoding = 4; lastKnownFileType = sourcecode.c.h; path = URLShortener.h; sourceTree = "<group>"; };
		E404551A157208210000DA91 /* URLShortener.m */ = {isa = PBXFileReference; fileEncoding = 4; lastKnownFileType = sourcecode.c.objc; path = URLShortener.m; sourceTree = "<group>"; };
		E404551D15735B130000DA91 /* step-2.png */ = {isa = PBXFileReference; lastKnownFileType = image.png; path = "step-2.png"; sourceTree = "<group>"; };
		E404551E15735B130000DA91 /* step-3.png */ = {isa = PBXFileReference; lastKnownFileType = image.png; path = "step-3.png"; sourceTree = "<group>"; };
		E404551F15735B130000DA91 /* step-4.png */ = {isa = PBXFileReference; lastKnownFileType = image.png; path = "step-4.png"; sourceTree = "<group>"; };
		E404552015735B130000DA91 /* step-5.png */ = {isa = PBXFileReference; lastKnownFileType = image.png; path = "step-5.png"; sourceTree = "<group>"; };
		E404552115735B130000DA91 /* step-6.png */ = {isa = PBXFileReference; lastKnownFileType = image.png; path = "step-6.png"; sourceTree = "<group>"; };
		E404552215735B130000DA91 /* step-7.png */ = {isa = PBXFileReference; lastKnownFileType = image.png; path = "step-7.png"; sourceTree = "<group>"; };
		E404552315735B130000DA91 /* step-0.png */ = {isa = PBXFileReference; lastKnownFileType = image.png; path = "step-0.png"; sourceTree = "<group>"; };
		E404552415735B130000DA91 /* step-1.png */ = {isa = PBXFileReference; lastKnownFileType = image.png; path = "step-1.png"; sourceTree = "<group>"; };
		E404552D1573658E0000DA91 /* StatusBarIconUpload.png */ = {isa = PBXFileReference; lastKnownFileType = image.png; path = StatusBarIconUpload.png; sourceTree = "<group>"; };
		E40BE2BD1568D288002BC439 /* StatusItemView.h */ = {isa = PBXFileReference; fileEncoding = 4; lastKnownFileType = sourcecode.c.h; path = StatusItemView.h; sourceTree = "<group>"; };
		E40BE2BE1568D288002BC439 /* StatusItemView.m */ = {isa = PBXFileReference; fileEncoding = 4; lastKnownFileType = sourcecode.c.objc; path = StatusItemView.m; sourceTree = "<group>"; };
		E40ED462156B75E600D6F6D8 /* StatusBarIcon.png */ = {isa = PBXFileReference; lastKnownFileType = image.png; path = StatusBarIcon.png; sourceTree = "<group>"; };
		E40ED463156B75E600D6F6D8 /* StatusBarIconInvert.png */ = {isa = PBXFileReference; lastKnownFileType = image.png; path = StatusBarIconInvert.png; sourceTree = "<group>"; };
		E4A5AB7115681C7D0026B025 /* WebKit.framework */ = {isa = PBXFileReference; lastKnownFileType = wrapper.framework; name = WebKit.framework; path = System/Library/Frameworks/WebKit.framework; sourceTree = SDKROOT; };
		E4A5AB77156826820026B025 /* DropboxOSX.framework */ = {isa = PBXFileReference; lastKnownFileType = wrapper.framework; path = DropboxOSX.framework; sourceTree = "<group>"; };
		E4A5AB79156826BB0026B025 /* Security.framework */ = {isa = PBXFileReference; lastKnownFileType = wrapper.framework; name = Security.framework; path = System/Library/Frameworks/Security.framework; sourceTree = SDKROOT; };
		E4A5AB7B156827850026B025 /* DropboxOSX.framework */ = {isa = PBXFileReference; lastKnownFileType = wrapper.framework; path = DropboxOSX.framework; sourceTree = "<group>"; };
		E4C0A2B4156F35E000351C53 /* AboutController.h */ = {isa = PBXFileReference; fileEncoding = 4; lastKnownFileType = sourcecode.c.h; path = AboutController.h; sourceTree = "<group>"; };
		E4C0A2B5156F35E000351C53 /* AboutController.m */ = {isa = PBXFileReference; fileEncoding = 4; lastKnownFileType = sourcecode.c.objc; path = AboutController.m; sourceTree = "<group>"; };
		E4C0A2B8156F37E500351C53 /* About.xib */ = {isa = PBXFileReference; fileEncoding = 4; lastKnownFileType = file.xib; path = About.xib; sourceTree = "<group>"; };
		E4E4273C15677C8A00C598B3 /* DragDropPaste.app */ = {isa = PBXFileReference; explicitFileType = wrapper.application; includeInIndex = 0; path = DragDropPaste.app; sourceTree = BUILT_PRODUCTS_DIR; };
		E4E4274015677C8A00C598B3 /* Cocoa.framework */ = {isa = PBXFileReference; lastKnownFileType = wrapper.framework; name = Cocoa.framework; path = System/Library/Frameworks/Cocoa.framework; sourceTree = SDKROOT; };
		E4E4274315677C8A00C598B3 /* AppKit.framework */ = {isa = PBXFileReference; lastKnownFileType = wrapper.framework; name = AppKit.framework; path = System/Library/Frameworks/AppKit.framework; sourceTree = SDKROOT; };
		E4E4274415677C8A00C598B3 /* CoreData.framework */ = {isa = PBXFileReference; lastKnownFileType = wrapper.framework; name = CoreData.framework; path = System/Library/Frameworks/CoreData.framework; sourceTree = SDKROOT; };
		E4E4274515677C8A00C598B3 /* Foundation.framework */ = {isa = PBXFileReference; lastKnownFileType = wrapper.framework; name = Foundation.framework; path = System/Library/Frameworks/Foundation.framework; sourceTree = SDKROOT; };
		E4E4274815677C8A00C598B3 /* DragDropPaste-Info.plist */ = {isa = PBXFileReference; lastKnownFileType = text.plist.xml; path = "DragDropPaste-Info.plist"; sourceTree = "<group>"; };
		E4E4274A15677C8A00C598B3 /* en */ = {isa = PBXFileReference; lastKnownFileType = text.plist.strings; name = en; path = en.lproj/InfoPlist.strings; sourceTree = "<group>"; };
		E4E4274C15677C8A00C598B3 /* main.m */ = {isa = PBXFileReference; lastKnownFileType = sourcecode.c.objc; path = main.m; sourceTree = "<group>"; };
		E4E4274E15677C8A00C598B3 /* DragDropPaste-Prefix.pch */ = {isa = PBXFileReference; lastKnownFileType = sourcecode.c.h; path = "DragDropPaste-Prefix.pch"; sourceTree = "<group>"; };
		E4E4275015677C8A00C598B3 /* en */ = {isa = PBXFileReference; lastKnownFileType = text.rtf; name = en; path = en.lproj/Credits.rtf; sourceTree = "<group>"; };
		E4E4275215677C8A00C598B3 /* AppDelegate.h */ = {isa = PBXFileReference; lastKnownFileType = sourcecode.c.h; path = AppDelegate.h; sourceTree = "<group>"; };
		E4E4275315677C8A00C598B3 /* AppDelegate.m */ = {isa = PBXFileReference; lastKnownFileType = sourcecode.c.objc; path = AppDelegate.m; sourceTree = "<group>"; };
		E4E4275615677C8A00C598B3 /* en */ = {isa = PBXFileReference; lastKnownFileType = file.xib; name = en; path = en.lproj/MainMenu.xib; sourceTree = "<group>"; };
		E4E4276115679D4C00C598B3 /* drupal-logo.png */ = {isa = PBXFileReference; lastKnownFileType = image.png; path = "drupal-logo.png"; sourceTree = "<group>"; };
/* End PBXFileReference section */

/* Begin PBXFrameworksBuildPhase section */
		E4E4273915677C8A00C598B3 /* Frameworks */ = {
			isa = PBXFrameworksBuildPhase;
			buildActionMask = 2147483647;
			files = (
				E4A5AB7A156826BB0026B025 /* Security.framework in Frameworks */,
				E4A5AB7215681C7D0026B025 /* WebKit.framework in Frameworks */,
				E4E4274115677C8A00C598B3 /* Cocoa.framework in Frameworks */,
				E4A5AB78156826820026B025 /* DropboxOSX.framework in Frameworks */,
			);
			runOnlyForDeploymentPostprocessing = 0;
		};
/* End PBXFrameworksBuildPhase section */

/* Begin PBXGroup section */
		E4E4273115677C8A00C598B3 = {
			isa = PBXGroup;
			children = (
				E4A5AB7B156827850026B025 /* DropboxOSX.framework */,
				E4E4274615677C8A00C598B3 /* DragDropPaste */,
				E4E4273F15677C8A00C598B3 /* Frameworks */,
				E4E4273D15677C8A00C598B3 /* Products */,
			);
			sourceTree = "<group>";
		};
		E4E4273D15677C8A00C598B3 /* Products */ = {
			isa = PBXGroup;
			children = (
				E4E4273C15677C8A00C598B3 /* DragDropPaste.app */,
			);
			name = Products;
			sourceTree = "<group>";
		};
		E4E4273F15677C8A00C598B3 /* Frameworks */ = {
			isa = PBXGroup;
			children = (
				E4A5AB79156826BB0026B025 /* Security.framework */,
				E4A5AB77156826820026B025 /* DropboxOSX.framework */,
				E4A5AB7115681C7D0026B025 /* WebKit.framework */,
				E4E4274015677C8A00C598B3 /* Cocoa.framework */,
				E4E4274215677C8A00C598B3 /* Other Frameworks */,
			);
			name = Frameworks;
			sourceTree = "<group>";
		};
		E4E4274215677C8A00C598B3 /* Other Frameworks */ = {
			isa = PBXGroup;
			children = (
				E4E4274315677C8A00C598B3 /* AppKit.framework */,
				E4E4274415677C8A00C598B3 /* CoreData.framework */,
				E4E4274515677C8A00C598B3 /* Foundation.framework */,
			);
			name = "Other Frameworks";
			sourceTree = "<group>";
		};
		E4E4274615677C8A00C598B3 /* DragDropPaste */ = {
			isa = PBXGroup;
			children = (
				E4E4275215677C8A00C598B3 /* AppDelegate.h */,
				E4E4275315677C8A00C598B3 /* AppDelegate.m */,
				E4E4275515677C8A00C598B3 /* MainMenu.xib */,
				E4E4274715677C8A00C598B3 /* Supporting Files */,
				E40BE2BD1568D288002BC439 /* StatusItemView.h */,
				E40BE2BE1568D288002BC439 /* StatusItemView.m */,
				E4C0A2B4156F35E000351C53 /* AboutController.h */,
				E4C0A2B5156F35E000351C53 /* AboutController.m */,
				E4045519157208210000DA91 /* URLShortener.h */,
				E404551A157208210000DA91 /* URLShortener.m */,
				E4C0A2B8156F37E500351C53 /* About.xib */,
			);
			path = DragDropPaste;
			sourceTree = "<group>";
		};
		E4E4274715677C8A00C598B3 /* Supporting Files */ = {
			isa = PBXGroup;
			children = (
				E404552315735B130000DA91 /* step-0.png */,
				E404552415735B130000DA91 /* step-1.png */,
				E404551D15735B130000DA91 /* step-2.png */,
				E404551E15735B130000DA91 /* step-3.png */,
				E404551F15735B130000DA91 /* step-4.png */,
				E404552015735B130000DA91 /* step-5.png */,
				E404552115735B130000DA91 /* step-6.png */,
				E404552215735B130000DA91 /* step-7.png */,
				E40ED462156B75E600D6F6D8 /* StatusBarIcon.png */,
				E40ED463156B75E600D6F6D8 /* StatusBarIconInvert.png */,
				E404552D1573658E0000DA91 /* StatusBarIconUpload.png */,
				E4E4276115679D4C00C598B3 /* drupal-logo.png */,
				E4E4274815677C8A00C598B3 /* DragDropPaste-Info.plist */,
				E4E4274915677C8A00C598B3 /* InfoPlist.strings */,
				E4E4274C15677C8A00C598B3 /* main.m */,
				E4E4274E15677C8A00C598B3 /* DragDropPaste-Prefix.pch */,
				E4E4274F15677C8A00C598B3 /* Credits.rtf */,
			);
			name = "Supporting Files";
			sourceTree = "<group>";
		};
/* End PBXGroup section */

/* Begin PBXNativeTarget section */
		E4E4273B15677C8A00C598B3 /* DragDropPaste */ = {
			isa = PBXNativeTarget;
			buildConfigurationList = E4E4275A15677C8A00C598B3 /* Build configuration list for PBXNativeTarget "DragDropPaste" */;
			buildPhases = (
				E4E4273815677C8A00C598B3 /* Sources */,
				E4E4273915677C8A00C598B3 /* Frameworks */,
				E4E4273A15677C8A00C598B3 /* Resources */,
				E4A5AB73156824790026B025 /* CopyFiles */,
			);
			buildRules = (
			);
			dependencies = (
			);
			name = DragDropPaste;
			productName = DragDropPaste;
			productReference = E4E4273C15677C8A00C598B3 /* DragDropPaste.app */;
			productType = "com.apple.product-type.application";
		};
/* End PBXNativeTarget section */

/* Begin PBXProject section */
		E4E4273315677C8A00C598B3 /* Project object */ = {
			isa = PBXProject;
			attributes = {
				LastUpgradeCheck = 0430;
				ORGANIZATIONNAME = "88 Lines of Code";
			};
			buildConfigurationList = E4E4273615677C8A00C598B3 /* Build configuration list for PBXProject "DragDropPaste" */;
			compatibilityVersion = "Xcode 3.2";
			developmentRegion = English;
			hasScannedForEncodings = 0;
			knownRegions = (
				en,
			);
			mainGroup = E4E4273115677C8A00C598B3;
			productRefGroup = E4E4273D15677C8A00C598B3 /* Products */;
			projectDirPath = "";
			projectRoot = "";
			targets = (
				E4E4273B15677C8A00C598B3 /* DragDropPaste */,
			);
		};
/* End PBXProject section */

/* Begin PBXResourcesBuildPhase section */
		E4E4273A15677C8A00C598B3 /* Resources */ = {
			isa = PBXResourcesBuildPhase;
			buildActionMask = 2147483647;
			files = (
				E4E4274B15677C8A00C598B3 /* InfoPlist.strings in Resources */,
				E4E4275115677C8A00C598B3 /* Credits.rtf in Resources */,
				E4E4275715677C8A00C598B3 /* MainMenu.xib in Resources */,
				E4E4276215679D4C00C598B3 /* drupal-logo.png in Resources */,
				E40ED464156B75E600D6F6D8 /* StatusBarIcon.png in Resources */,
				E40ED465156B75E600D6F6D8 /* StatusBarIconInvert.png in Resources */,
				E4C0A2B9156F37E500351C53 /* About.xib in Resources */,
				E404552515735B130000DA91 /* step-2.png in Resources */,
				E404552615735B130000DA91 /* step-3.png in Resources */,
				E404552715735B130000DA91 /* step-4.png in Resources */,
				E404552815735B130000DA91 /* step-5.png in Resources */,
				E404552915735B130000DA91 /* step-6.png in Resources */,
				E404552A15735B130000DA91 /* step-7.png in Resources */,
				E404552B15735B130000DA91 /* step-0.png in Resources */,
				E404552C15735B130000DA91 /* step-1.png in Resources */,
				E404552E1573658E0000DA91 /* StatusBarIconUpload.png in Resources */,
			);
			runOnlyForDeploymentPostprocessing = 0;
		};
/* End PBXResourcesBuildPhase section */

/* Begin PBXSourcesBuildPhase section */
		E4E4273815677C8A00C598B3 /* Sources */ = {
			isa = PBXSourcesBuildPhase;
			buildActionMask = 2147483647;
			files = (
				E4E4274D15677C8A00C598B3 /* main.m in Sources */,
				E4E4275415677C8A00C598B3 /* AppDelegate.m in Sources */,
				E40BE2BF1568D288002BC439 /* StatusItemView.m in Sources */,
				E4C0A2B6156F35E000351C53 /* AboutController.m in Sources */,
				E404551B157208210000DA91 /* URLShortener.m in Sources */,
			);
			runOnlyForDeploymentPostprocessing = 0;
		};
/* End PBXSourcesBuildPhase section */

/* Begin PBXVariantGroup section */
		E4E4274915677C8A00C598B3 /* InfoPlist.strings */ = {
			isa = PBXVariantGroup;
			children = (
				E4E4274A15677C8A00C598B3 /* en */,
			);
			name = InfoPlist.strings;
			sourceTree = "<group>";
		};
		E4E4274F15677C8A00C598B3 /* Credits.rtf */ = {
			isa = PBXVariantGroup;
			children = (
				E4E4275015677C8A00C598B3 /* en */,
			);
			name = Credits.rtf;
			sourceTree = "<group>";
		};
		E4E4275515677C8A00C598B3 /* MainMenu.xib */ = {
			isa = PBXVariantGroup;
			children = (
				E4E4275615677C8A00C598B3 /* en */,
			);
			name = MainMenu.xib;
			sourceTree = "<group>";
		};
/* End PBXVariantGroup section */

/* Begin XCBuildConfiguration section */
		E4E4275815677C8A00C598B3 /* Debug */ = {
			isa = XCBuildConfiguration;
			buildSettings = {
				ALWAYS_SEARCH_USER_PATHS = NO;
				ARCHS = "$(ARCHS_STANDARD_64_BIT)";
				CLANG_ENABLE_OBJC_ARC = YES;
				COPY_PHASE_STRIP = NO;
				GCC_C_LANGUAGE_STANDARD = gnu99;
				GCC_DYNAMIC_NO_PIC = NO;
				GCC_ENABLE_OBJC_EXCEPTIONS = YES;
				GCC_OPTIMIZATION_LEVEL = 0;
				GCC_PREPROCESSOR_DEFINITIONS = (
					"DEBUG=1",
					"$(inherited)",
				);
				GCC_SYMBOLS_PRIVATE_EXTERN = NO;
				GCC_VERSION = com.apple.compilers.llvm.clang.1_0;
				GCC_WARN_64_TO_32_BIT_CONVERSION = YES;
				GCC_WARN_ABOUT_MISSING_PROTOTYPES = YES;
				GCC_WARN_ABOUT_RETURN_TYPE = YES;
				GCC_WARN_UNUSED_VARIABLE = YES;
				MACOSX_DEPLOYMENT_TARGET = 10.7;
				ONLY_ACTIVE_ARCH = YES;
				SDKROOT = macosx;
			};
			name = Debug;
		};
		E4E4275915677C8A00C598B3 /* Release */ = {
			isa = XCBuildConfiguration;
			buildSettings = {
				ALWAYS_SEARCH_USER_PATHS = NO;
				ARCHS = "$(ARCHS_STANDARD_64_BIT)";
				CLANG_ENABLE_OBJC_ARC = YES;
				COPY_PHASE_STRIP = YES;
				DEBUG_INFORMATION_FORMAT = "dwarf-with-dsym";
				GCC_C_LANGUAGE_STANDARD = gnu99;
				GCC_ENABLE_OBJC_EXCEPTIONS = YES;
				GCC_VERSION = com.apple.compilers.llvm.clang.1_0;
				GCC_WARN_64_TO_32_BIT_CONVERSION = YES;
				GCC_WARN_ABOUT_MISSING_PROTOTYPES = YES;
				GCC_WARN_ABOUT_RETURN_TYPE = YES;
				GCC_WARN_UNUSED_VARIABLE = YES;
				MACOSX_DEPLOYMENT_TARGET = 10.7;
				SDKROOT = macosx;
			};
			name = Release;
		};
		E4E4275B15677C8A00C598B3 /* Debug */ = {
			isa = XCBuildConfiguration;
			buildSettings = {
				FRAMEWORK_SEARCH_PATHS = (
					"$(inherited)",
					"\"$(SRCROOT)\"",
				);
				GCC_PRECOMPILE_PREFIX_HEADER = YES;
				GCC_PREFIX_HEADER = "DragDropPaste/DragDropPaste-Prefix.pch";
				INFOPLIST_FILE = "DragDropPaste/DragDropPaste-Info.plist";
				PRODUCT_NAME = "$(TARGET_NAME)";
				WRAPPER_EXTENSION = app;
			};
			name = Debug;
		};
		E4E4275C15677C8A00C598B3 /* Release */ = {
			isa = XCBuildConfiguration;
			buildSettings = {
				FRAMEWORK_SEARCH_PATHS = (
					"$(inherited)",
					"\"$(SRCROOT)\"",
				);
				GCC_PRECOMPILE_PREFIX_HEADER = YES;
				GCC_PREFIX_HEADER = "DragDropPaste/DragDropPaste-Prefix.pch";
				INFOPLIST_FILE = "DragDropPaste/DragDropPaste-Info.plist";
				PRODUCT_NAME = "$(TARGET_NAME)";
				WRAPPER_EXTENSION = app;
			};
			name = Release;
		};
/* End XCBuildConfiguration section */

/* Begin XCConfigurationList section */
		E4E4273615677C8A00C598B3 /* Build configuration list for PBXProject "DragDropPaste" */ = {
			isa = XCConfigurationList;
			buildConfigurations = (
				E4E4275815677C8A00C598B3 /* Debug */,
				E4E4275915677C8A00C598B3 /* Release */,
			);
			defaultConfigurationIsVisible = 0;
			defaultConfigurationName = Release;
		};
		E4E4275A15677C8A00C598B3 /* Build configuration list for PBXNativeTarget "DragDropPaste" */ = {
			isa = XCConfigurationList;
			buildConfigurations = (
				E4E4275B15677C8A00C598B3 /* Debug */,
				E4E4275C15677C8A00C598B3 /* Release */,
			);
			defaultConfigurationIsVisible = 0;
			defaultConfigurationName = Release;
		};
/* End XCConfigurationList section */
	};
	rootObject = E4E4273315677C8A00C598B3 /* Project object */;
}
